
Microsoft Visual Studio Solution File, Format Version 12.00
# Visual Studio Version 16
VisualStudioVersion = 16.0.28803.156
MinimumVisualStudioVersion = 10.0.40219.1
Project("{FAE04EC0-301F-11D3-BF4B-00C04F79EFBC}") = "FundTransferTesting", "FundTransferTesting\FundTransferTesting.csproj", "{444D8C5B-F09C-4FC1-97EA-C9FEC3384E66}"
EndProject
Project("{FAE04EC0-301F-11D3-BF4B-00C04F79EFBC}") = "OnlineBanking", "OnlineBanking\OnlineBanking.csproj", "{A15502FD-6DB8-4B3D-BA19-557396BF12E7}"
EndProject
Project("{FAE04EC0-301F-11D3-BF4B-00C04F79EFBC}") = "BusinessLayer", "BusinessLayer\BusinessLayer.csproj", "{CAF7E100-32FF-42EF-B396-594CE6260EBA}"
EndProject
Global
	GlobalSection(SolutionConfigurationPlatforms) = preSolution
		Debug|Any CPU = Debug|Any CPU
		Release|Any CPU = Release|Any CPU
	EndGlobalSection
	GlobalSection(ProjectConfigurationPlatforms) = postSolution
		{444D8C5B-F09C-4FC1-97EA-C9FEC3384E66}.Debug|Any CPU.ActiveCfg = Debug|Any CPU
		{444D8C5B-F09C-4FC1-97EA-C9FEC3384E66}.Debug|Any CPU.Build.0 = Debug|Any CPU
		{444D8C5B-F09C-4FC1-97EA-C9FEC3384E66}.Release|Any CPU.ActiveCfg = Release|Any CPU
		{444D8C5B-F09C-4FC1-97EA-C9FEC3384E66}.Release|Any CPU.Build.0 = Release|Any CPU
		{A15502FD-6DB8-4B3D-BA19-557396BF12E7}.Debug|Any CPU.ActiveCfg = Debug|Any CPU
		{A15502FD-6DB8-4B3D-BA19-557396BF12E7}.Debug|Any CPU.Build.0 = Debug|Any CPU
		{A15502FD-6DB8-4B3D-BA19-557396BF12E7}.Release|Any CPU.ActiveCfg = Release|Any CPU
		{A15502FD-6DB8-4B3D-BA19-557396BF12E7}.Release|Any CPU.Build.0 = Release|Any CPU
		{CAF7E100-32FF-42EF-B396-594CE6260EBA}.Debug|Any CPU.ActiveCfg = Debug|Any CPU
		{CAF7E100-32FF-42EF-B396-594CE6260EBA}.Debug|Any CPU.Build.0 = Debug|Any CPU
		{CAF7E100-32FF-42EF-B396-594CE6260EBA}.Release|Any CPU.ActiveCfg = Release|Any CPU
		{CAF7E100-32FF-42EF-B396-594CE6260EBA}.Release|Any CPU.Build.0 = Release|Any CPU
	EndGlobalSection
	GlobalSection(SolutionProperties) = preSolution
		HideSolutionNode = FALSE
	EndGlobalSection
	GlobalSection(ExtensibilityGlobals) = postSolution
		SolutionGuid = {AB399F93-48AD-448A-B2E1-5B38CFAEF8EA}
	EndGlobalSection
EndGlobal
